// !$*UTF8*$!
{
	archiveVersion = 1;
	classes = {
	};
	objectVersion = 50;
	objects = {

/* Begin PBXBuildFile section */
		70B3E47D233FDA13006F5642 /* AppDelegate.swift in Sources */ = {isa = PBXBuildFile; fileRef = 70B3E47C233FDA13006F5642 /* AppDelegate.swift */; };
		70B3E482233FDA13006F5642 /* Main.storyboard in Resources */ = {isa = PBXBuildFile; fileRef = 70B3E480233FDA13006F5642 /* Main.storyboard */; };
		70B3E484233FDA15006F5642 /* Assets.xcassets in Resources */ = {isa = PBXBuildFile; fileRef = 70B3E483233FDA15006F5642 /* Assets.xcassets */; };
		70B3E487233FDA15006F5642 /* LaunchScreen.storyboard in Resources */ = {isa = PBXBuildFile; fileRef = 70B3E485233FDA15006F5642 /* LaunchScreen.storyboard */; };
		70B3E495233FDE1E006F5642 /* SessionManager.swift in Sources */ = {isa = PBXBuildFile; fileRef = 70B3E494233FDE1E006F5642 /* SessionManager.swift */; };
		70B3E49C233FDFF9006F5642 /* OnboardPresenter.swift in Sources */ = {isa = PBXBuildFile; fileRef = 70B3E496233FDFF9006F5642 /* OnboardPresenter.swift */; };
		70B3E49D233FDFF9006F5642 /* OnboardWorker.swift in Sources */ = {isa = PBXBuildFile; fileRef = 70B3E497233FDFF9006F5642 /* OnboardWorker.swift */; };
		70B3E49E233FDFF9006F5642 /* OnboardRouter.swift in Sources */ = {isa = PBXBuildFile; fileRef = 70B3E498233FDFF9006F5642 /* OnboardRouter.swift */; };
		70B3E4A0233FDFFA006F5642 /* OnboardViewController.swift in Sources */ = {isa = PBXBuildFile; fileRef = 70B3E49A233FDFF9006F5642 /* OnboardViewController.swift */; };
		70B3E4A1233FDFFA006F5642 /* OnboardInteractor.swift in Sources */ = {isa = PBXBuildFile; fileRef = 70B3E49B233FDFF9006F5642 /* OnboardInteractor.swift */; };
		B4459584670AD6FC769C2962 /* Pods_restaurant_app.framework in Frameworks */ = {isa = PBXBuildFile; fileRef = 4B065B86F28F298ECBAE3989 /* Pods_restaurant_app.framework */; };
/* End PBXBuildFile section */

/* Begin PBXFileReference section */
		3A2720A6726F1511E20D4C9E /* Pods-restaurant-app.debug.xcconfig */ = {isa = PBXFileReference; includeInIndex = 1; lastKnownFileType = text.xcconfig; name = "Pods-restaurant-app.debug.xcconfig"; path = "Pods/Target Support Files/Pods-restaurant-app/Pods-restaurant-app.debug.xcconfig"; sourceTree = "<group>"; };
		4B065B86F28F298ECBAE3989 /* Pods_restaurant_app.framework */ = {isa = PBXFileReference; explicitFileType = wrapper.framework; includeInIndex = 0; path = Pods_restaurant_app.framework; sourceTree = BUILT_PRODUCTS_DIR; };
		70B3E479233FDA13006F5642 /* restaurant-app.app */ = {isa = PBXFileReference; explicitFileType = wrapper.application; includeInIndex = 0; path = "restaurant-app.app"; sourceTree = BUILT_PRODUCTS_DIR; };
		70B3E47C233FDA13006F5642 /* AppDelegate.swift */ = {isa = PBXFileReference; lastKnownFileType = sourcecode.swift; path = AppDelegate.swift; sourceTree = "<group>"; };
		70B3E481233FDA13006F5642 /* Base */ = {isa = PBXFileReference; lastKnownFileType = file.storyboard; name = Base; path = Base.lproj/Main.storyboard; sourceTree = "<group>"; };
		70B3E483233FDA15006F5642 /* Assets.xcassets */ = {isa = PBXFileReference; lastKnownFileType = folder.assetcatalog; path = Assets.xcassets; sourceTree = "<group>"; };
		70B3E486233FDA15006F5642 /* Base */ = {isa = PBXFileReference; lastKnownFileType = file.storyboard; name = Base; path = Base.lproj/LaunchScreen.storyboard; sourceTree = "<group>"; };
		70B3E488233FDA15006F5642 /* Info.plist */ = {isa = PBXFileReference; lastKnownFileType = text.plist.xml; path = Info.plist; sourceTree = "<group>"; };
		70B3E494233FDE1E006F5642 /* SessionManager.swift */ = {isa = PBXFileReference; lastKnownFileType = sourcecode.swift; path = SessionManager.swift; sourceTree = "<group>"; };
		70B3E496233FDFF9006F5642 /* OnboardPresenter.swift */ = {isa = PBXFileReference; lastKnownFileType = sourcecode.swift; path = OnboardPresenter.swift; sourceTree = "<group>"; };
		70B3E497233FDFF9006F5642 /* OnboardWorker.swift */ = {isa = PBXFileReference; lastKnownFileType = sourcecode.swift; path = OnboardWorker.swift; sourceTree = "<group>"; };
		70B3E498233FDFF9006F5642 /* OnboardRouter.swift */ = {isa = PBXFileReference; lastKnownFileType = sourcecode.swift; path = OnboardRouter.swift; sourceTree = "<group>"; };
		70B3E49A233FDFF9006F5642 /* OnboardViewController.swift */ = {isa = PBXFileReference; lastKnownFileType = sourcecode.swift; path = OnboardViewController.swift; sourceTree = "<group>"; };
		70B3E49B233FDFF9006F5642 /* OnboardInteractor.swift */ = {isa = PBXFileReference; lastKnownFileType = sourcecode.swift; path = OnboardInteractor.swift; sourceTree = "<group>"; };
		D5111E0F8A508B6E1689147C /* Pods-restaurant-app.release.xcconfig */ = {isa = PBXFileReference; includeInIndex = 1; lastKnownFileType = text.xcconfig; name = "Pods-restaurant-app.release.xcconfig"; path = "Pods/Target Support Files/Pods-restaurant-app/Pods-restaurant-app.release.xcconfig"; sourceTree = "<group>"; };
/* End PBXFileReference section */

/* Begin PBXFrameworksBuildPhase section */
		70B3E476233FDA13006F5642 /* Frameworks */ = {
			isa = PBXFrameworksBuildPhase;
			buildActionMask = 2147483647;
			files = (
				B4459584670AD6FC769C2962 /* Pods_restaurant_app.framework in Frameworks */,
			);
			runOnlyForDeploymentPostprocessing = 0;
		};
/* End PBXFrameworksBuildPhase section */

/* Begin PBXGroup section */
		497640B601395315F189DF94 /* Frameworks */ = {
			isa = PBXGroup;
			children = (
				4B065B86F28F298ECBAE3989 /* Pods_restaurant_app.framework */,
			);
			name = Frameworks;
			sourceTree = "<group>";
		};
		4A9ED8908C16558C8D51DECD /* Pods */ = {
			isa = PBXGroup;
			children = (
				3A2720A6726F1511E20D4C9E /* Pods-restaurant-app.debug.xcconfig */,
				D5111E0F8A508B6E1689147C /* Pods-restaurant-app.release.xcconfig */,
			);
			name = Pods;
			sourceTree = "<group>";
		};
		70B3E470233FDA13006F5642 = {
			isa = PBXGroup;
			children = (
				70B3E47B233FDA13006F5642 /* restaurant-app */,
				70B3E47A233FDA13006F5642 /* Products */,
				4A9ED8908C16558C8D51DECD /* Pods */,
				497640B601395315F189DF94 /* Frameworks */,
			);
			sourceTree = "<group>";
		};
		70B3E47A233FDA13006F5642 /* Products */ = {
			isa = PBXGroup;
			children = (
				70B3E479233FDA13006F5642 /* restaurant-app.app */,
			);
			name = Products;
			sourceTree = "<group>";
		};
		70B3E47B233FDA13006F5642 /* restaurant-app */ = {
			isa = PBXGroup;
			children = (
				70B3E47C233FDA13006F5642 /* AppDelegate.swift */,
				70B3E4A2233FE002006F5642 /* Onboard Scene */,
				70B3E493233FDDF5006F5642 /* Models */,
				70B3E492233FDDDB006F5642 /* Networking */,
				70B3E48F233FDD08006F5642 /* Utils */,
				70B3E490233FDD23006F5642 /* Storyboards */,
				70B3E491233FDD9F006F5642 /* Resources */,
			);
			path = "restaurant-app";
			sourceTree = "<group>";
		};
		70B3E48F233FDD08006F5642 /* Utils */ = {
			isa = PBXGroup;
			children = (
				70B3E494233FDE1E006F5642 /* SessionManager.swift */,
			);
			path = Utils;
			sourceTree = "<group>";
		};
		70B3E490233FDD23006F5642 /* Storyboards */ = {
			isa = PBXGroup;
			children = (
				70B3E480233FDA13006F5642 /* Main.storyboard */,
				70B3E485233FDA15006F5642 /* LaunchScreen.storyboard */,
			);
			path = Storyboards;
			sourceTree = "<group>";
		};
		70B3E491233FDD9F006F5642 /* Resources */ = {
			isa = PBXGroup;
			children = (
				70B3E483233FDA15006F5642 /* Assets.xcassets */,
				70B3E488233FDA15006F5642 /* Info.plist */,
			);
			path = Resources;
			sourceTree = "<group>";
		};
		70B3E492233FDDDB006F5642 /* Networking */ = {
			isa = PBXGroup;
			children = (
			);
			path = Networking;
			sourceTree = "<group>";
		};
		70B3E493233FDDF5006F5642 /* Models */ = {
			isa = PBXGroup;
			children = (
			);
			path = Models;
			sourceTree = "<group>";
		};
		70B3E4A2233FE002006F5642 /* Onboard Scene */ = {
			isa = PBXGroup;
			children = (
				70B3E496233FDFF9006F5642 /* OnboardPresenter.swift */,
				70B3E497233FDFF9006F5642 /* OnboardWorker.swift */,
				70B3E498233FDFF9006F5642 /* OnboardRouter.swift */,
				70B3E49A233FDFF9006F5642 /* OnboardViewController.swift */,
				70B3E49B233FDFF9006F5642 /* OnboardInteractor.swift */,
			);
			path = "Onboard Scene";
			sourceTree = "<group>";
		};
/* End PBXGroup section */

/* Begin PBXNativeTarget section */
		70B3E478233FDA13006F5642 /* restaurant-app */ = {
			isa = PBXNativeTarget;
			buildConfigurationList = 70B3E48B233FDA15006F5642 /* Build configuration list for PBXNativeTarget "restaurant-app" */;
			buildPhases = (
				C57433911C7963D653AD2820 /* [CP] Check Pods Manifest.lock */,
				70B3E475233FDA13006F5642 /* Sources */,
				70B3E476233FDA13006F5642 /* Frameworks */,
				70B3E477233FDA13006F5642 /* Resources */,
				75B2E32882E32B808806F28A /* [CP] Embed Pods Frameworks */,
			);
			buildRules = (
			);
			dependencies = (
			);
			name = "restaurant-app";
			productName = "restaurant-app";
			productReference = 70B3E479233FDA13006F5642 /* restaurant-app.app */;
			productType = "com.apple.product-type.application";
		};
/* End PBXNativeTarget section */

/* Begin PBXProject section */
		70B3E471233FDA13006F5642 /* Project object */ = {
			isa = PBXProject;
			attributes = {
				LastSwiftUpdateCheck = 1030;
				LastUpgradeCheck = 1030;
				ORGANIZATIONNAME = "Jorge Luis Perales";
				TargetAttributes = {
					70B3E478233FDA13006F5642 = {
						CreatedOnToolsVersion = 10.3;
					};
				};
			};
			buildConfigurationList = 70B3E474233FDA13006F5642 /* Build configuration list for PBXProject "restaurant-app" */;
			compatibilityVersion = "Xcode 9.3";
			developmentRegion = en;
			hasScannedForEncodings = 0;
			knownRegions = (
				en,
				Base,
			);
			mainGroup = 70B3E470233FDA13006F5642;
			productRefGroup = 70B3E47A233FDA13006F5642 /* Products */;
			projectDirPath = "";
			projectRoot = "";
			targets = (
				70B3E478233FDA13006F5642 /* restaurant-app */,
			);
		};
/* End PBXProject section */

/* Begin PBXResourcesBuildPhase section */
		70B3E477233FDA13006F5642 /* Resources */ = {
			isa = PBXResourcesBuildPhase;
			buildActionMask = 2147483647;
			files = (
				70B3E487233FDA15006F5642 /* LaunchScreen.storyboard in Resources */,
				70B3E484233FDA15006F5642 /* Assets.xcassets in Resources */,
				70B3E482233FDA13006F5642 /* Main.storyboard in Resources */,
			);
			runOnlyForDeploymentPostprocessing = 0;
		};
/* End PBXResourcesBuildPhase section */

/* Begin PBXShellScriptBuildPhase section */
		75B2E32882E32B808806F28A /* [CP] Embed Pods Frameworks */ = {
			isa = PBXShellScriptBuildPhase;
			buildActionMask = 2147483647;
			files = (
			);
			inputFileListPaths = (
			);
			inputPaths = (
				"${SRCROOT}/Pods/Target Support Files/Pods-restaurant-app/Pods-restaurant-app-frameworks.sh",
				"${BUILT_PRODUCTS_DIR}/Alamofire/Alamofire.framework",
				"${BUILT_PRODUCTS_DIR}/AlamofireImage/AlamofireImage.framework",
				"${BUILT_PRODUCTS_DIR}/SwiftyJSON/SwiftyJSON.framework",
				"${BUILT_PRODUCTS_DIR}/SwiftyOnboard/SwiftyOnboard.framework",
			);
			name = "[CP] Embed Pods Frameworks";
			outputFileListPaths = (
			);
			outputPaths = (
				"${TARGET_BUILD_DIR}/${FRAMEWORKS_FOLDER_PATH}/Alamofire.framework",
				"${TARGET_BUILD_DIR}/${FRAMEWORKS_FOLDER_PATH}/AlamofireImage.framework",
				"${TARGET_BUILD_DIR}/${FRAMEWORKS_FOLDER_PATH}/SwiftyJSON.framework",
				"${TARGET_BUILD_DIR}/${FRAMEWORKS_FOLDER_PATH}/SwiftyOnboard.framework",
			);
			runOnlyForDeploymentPostprocessing = 0;
			shellPath = /bin/sh;
			shellScript = "\"${SRCROOT}/Pods/Target Support Files/Pods-restaurant-app/Pods-restaurant-app-frameworks.sh\"\n";
			showEnvVarsInLog = 0;
		};
		C57433911C7963D653AD2820 /* [CP] Check Pods Manifest.lock */ = {
			isa = PBXShellScriptBuildPhase;
			buildActionMask = 2147483647;
			files = (
			);
			inputFileListPaths = (
			);
			inputPaths = (
				"${PODS_PODFILE_DIR_PATH}/Podfile.lock",
				"${PODS_ROOT}/Manifest.lock",
			);
			name = "[CP] Check Pods Manifest.lock";
			outputFileListPaths = (
			);
			outputPaths = (
				"$(DERIVED_FILE_DIR)/Pods-restaurant-app-checkManifestLockResult.txt",
			);
			runOnlyForDeploymentPostprocessing = 0;
			shellPath = /bin/sh;
			shellScript = "diff \"${PODS_PODFILE_DIR_PATH}/Podfile.lock\" \"${PODS_ROOT}/Manifest.lock\" > /dev/null\nif [ $? != 0 ] ; then\n    # print error to STDERR\n    echo \"error: The sandbox is not in sync with the Podfile.lock. Run 'pod install' or update your CocoaPods installation.\" >&2\n    exit 1\nfi\n# This output is used by Xcode 'outputs' to avoid re-running this script phase.\necho \"SUCCESS\" > \"${SCRIPT_OUTPUT_FILE_0}\"\n";
			showEnvVarsInLog = 0;
		};
/* End PBXShellScriptBuildPhase section */

/* Begin PBXSourcesBuildPhase section */
		70B3E475233FDA13006F5642 /* Sources */ = {
			isa = PBXSourcesBuildPhase;
			buildActionMask = 2147483647;
			files = (
				70B3E47D233FDA13006F5642 /* AppDelegate.swift in Sources */,
				70B3E4A0233FDFFA006F5642 /* OnboardViewController.swift in Sources */,
				70B3E4A1233FDFFA006F5642 /* OnboardInteractor.swift in Sources */,
				70B3E49D233FDFF9006F5642 /* OnboardWorker.swift in Sources */,
				70B3E49C233FDFF9006F5642 /* OnboardPresenter.swift in Sources */,
				70B3E49E233FDFF9006F5642 /* OnboardRouter.swift in Sources */,
				70B3E495233FDE1E006F5642 /* SessionManager.swift in Sources */,
			);
			runOnlyForDeploymentPostprocessing = 0;
		};
/* End PBXSourcesBuildPhase section */

/* Begin PBXVariantGroup section */
		70B3E480233FDA13006F5642 /* Main.storyboard */ = {
			isa = PBXVariantGroup;
			children = (
				70B3E481233FDA13006F5642 /* Base */,
			);
			name = Main.storyboard;
			sourceTree = "<group>";
		};
		70B3E485233FDA15006F5642 /* LaunchScreen.storyboard */ = {
			isa = PBXVariantGroup;
			children = (
				70B3E486233FDA15006F5642 /* Base */,
			);
			name = LaunchScreen.storyboard;
			sourceTree = "<group>";
		};
/* End PBXVariantGroup section */

/* Begin XCBuildConfiguration section */
		70B3E489233FDA15006F5642 /* Debug */ = {
			isa = XCBuildConfiguration;
			buildSettings = {
				ALWAYS_SEARCH_USER_PATHS = NO;
				CLANG_ANALYZER_NONNULL = YES;
				CLANG_ANALYZER_NUMBER_OBJECT_CONVERSION = YES_AGGRESSIVE;
				CLANG_CXX_LANGUAGE_STANDARD = "gnu++14";
				CLANG_CXX_LIBRARY = "libc++";
				CLANG_ENABLE_MODULES = YES;
				CLANG_ENABLE_OBJC_ARC = YES;
				CLANG_ENABLE_OBJC_WEAK = YES;
				CLANG_WARN_BLOCK_CAPTURE_AUTORELEASING = YES;
				CLANG_WARN_BOOL_CONVERSION = YES;
				CLANG_WARN_COMMA = YES;
				CLANG_WARN_CONSTANT_CONVERSION = YES;
				CLANG_WARN_DEPRECATED_OBJC_IMPLEMENTATIONS = YES;
				CLANG_WARN_DIRECT_OBJC_ISA_USAGE = YES_ERROR;
				CLANG_WARN_DOCUMENTATION_COMMENTS = YES;
				CLANG_WARN_EMPTY_BODY = YES;
				CLANG_WARN_ENUM_CONVERSION = YES;
				CLANG_WARN_INFINITE_RECURSION = YES;
				CLANG_WARN_INT_CONVERSION = YES;
				CLANG_WARN_NON_LITERAL_NULL_CONVERSION = YES;
				CLANG_WARN_OBJC_IMPLICIT_RETAIN_SELF = YES;
				CLANG_WARN_OBJC_LITERAL_CONVERSION = YES;
				CLANG_WARN_OBJC_ROOT_CLASS = YES_ERROR;
				CLANG_WARN_RANGE_LOOP_ANALYSIS = YES;
				CLANG_WARN_STRICT_PROTOTYPES = YES;
				CLANG_WARN_SUSPICIOUS_MOVE = YES;
				CLANG_WARN_UNGUARDED_AVAILABILITY = YES_AGGRESSIVE;
				CLANG_WARN_UNREACHABLE_CODE = YES;
				CLANG_WARN__DUPLICATE_METHOD_MATCH = YES;
				CODE_SIGN_IDENTITY = "iPhone Developer";
				COPY_PHASE_STRIP = NO;
				DEBUG_INFORMATION_FORMAT = dwarf;
				ENABLE_STRICT_OBJC_MSGSEND = YES;
				ENABLE_TESTABILITY = YES;
				GCC_C_LANGUAGE_STANDARD = gnu11;
				GCC_DYNAMIC_NO_PIC = NO;
				GCC_NO_COMMON_BLOCKS = YES;
				GCC_OPTIMIZATION_LEVEL = 0;
				GCC_PREPROCESSOR_DEFINITIONS = (
					"DEBUG=1",
					"$(inherited)",
				);
				GCC_WARN_64_TO_32_BIT_CONVERSION = YES;
				GCC_WARN_ABOUT_RETURN_TYPE = YES_ERROR;
				GCC_WARN_UNDECLARED_SELECTOR = YES;
				GCC_WARN_UNINITIALIZED_AUTOS = YES_AGGRESSIVE;
				GCC_WARN_UNUSED_FUNCTION = YES;
				GCC_WARN_UNUSED_VARIABLE = YES;
				IPHONEOS_DEPLOYMENT_TARGET = 12.4;
				MTL_ENABLE_DEBUG_INFO = INCLUDE_SOURCE;
				MTL_FAST_MATH = YES;
				ONLY_ACTIVE_ARCH = YES;
				SDKROOT = iphoneos;
				SWIFT_ACTIVE_COMPILATION_CONDITIONS = DEBUG;
				SWIFT_OPTIMIZATION_LEVEL = "-Onone";
			};
			name = Debug;
		};
		70B3E48A233FDA15006F5642 /* Release */ = {
			isa = XCBuildConfiguration;
			buildSettings = {
				ALWAYS_SEARCH_USER_PATHS = NO;
				CLANG_ANALYZER_NONNULL = YES;
				CLANG_ANALYZER_NUMBER_OBJECT_CONVERSION = YES_AGGRESSIVE;
				CLANG_CXX_LANGUAGE_STANDARD = "gnu++14";
				CLANG_CXX_LIBRARY = "libc++";
				CLANG_ENABLE_MODULES = YES;
				CLANG_ENABLE_OBJC_ARC = YES;
				CLANG_ENABLE_OBJC_WEAK = YES;
				CLANG_WARN_BLOCK_CAPTURE_AUTORELEASING = YES;
				CLANG_WARN_BOOL_CONVERSION = YES;
				CLANG_WARN_COMMA = YES;
				CLANG_WARN_CONSTANT_CONVERSION = YES;
				CLANG_WARN_DEPRECATED_OBJC_IMPLEMENTATIONS = YES;
				CLANG_WARN_DIRECT_OBJC_ISA_USAGE = YES_ERROR;
				CLANG_WARN_DOCUMENTATION_COMMENTS = YES;
				CLANG_WARN_EMPTY_BODY = YES;
				CLANG_WARN_ENUM_CONVERSION = YES;
				CLANG_WARN_INFINITE_RECURSION = YES;
				CLANG_WARN_INT_CONVERSION = YES;
				CLANG_WARN_NON_LITERAL_NULL_CONVERSION = YES;
				CLANG_WARN_OBJC_IMPLICIT_RETAIN_SELF = YES;
				CLANG_WARN_OBJC_LITERAL_CONVERSION = YES;
				CLANG_WARN_OBJC_ROOT_CLASS = YES_ERROR;
				CLANG_WARN_RANGE_LOOP_ANALYSIS = YES;
				CLANG_WARN_STRICT_PROTOTYPES = YES;
				CLANG_WARN_SUSPICIOUS_MOVE = YES;
				CLANG_WARN_UNGUARDED_AVAILABILITY = YES_AGGRESSIVE;
				CLANG_WARN_UNREACHABLE_CODE = YES;
				CLANG_WARN__DUPLICATE_METHOD_MATCH = YES;
				CODE_SIGN_IDENTITY = "iPhone Developer";
				COPY_PHASE_STRIP = NO;
				DEBUG_INFORMATION_FORMAT = "dwarf-with-dsym";
				ENABLE_NS_ASSERTIONS = NO;
				ENABLE_STRICT_OBJC_MSGSEND = YES;
				GCC_C_LANGUAGE_STANDARD = gnu11;
				GCC_NO_COMMON_BLOCKS = YES;
				GCC_WARN_64_TO_32_BIT_CONVERSION = YES;
				GCC_WARN_ABOUT_RETURN_TYPE = YES_ERROR;
				GCC_WARN_UNDECLARED_SELECTOR = YES;
				GCC_WARN_UNINITIALIZED_AUTOS = YES_AGGRESSIVE;
				GCC_WARN_UNUSED_FUNCTION = YES;
				GCC_WARN_UNUSED_VARIABLE = YES;
				IPHONEOS_DEPLOYMENT_TARGET = 12.4;
				MTL_ENABLE_DEBUG_INFO = NO;
				MTL_FAST_MATH = YES;
				SDKROOT = iphoneos;
				SWIFT_COMPILATION_MODE = wholemodule;
				SWIFT_OPTIMIZATION_LEVEL = "-O";
				VALIDATE_PRODUCT = YES;
			};
			name = Release;
		};
		70B3E48C233FDA15006F5642 /* Debug */ = {
			isa = XCBuildConfiguration;
			baseConfigurationReference = 3A2720A6726F1511E20D4C9E /* Pods-restaurant-app.debug.xcconfig */;
			buildSettings = {
				ASSETCATALOG_COMPILER_APPICON_NAME = AppIcon;
				CODE_SIGN_STYLE = Automatic;
				INFOPLIST_FILE = "$(SRCROOT)/restaurant-app/Resources/Info.plist";
				LD_RUNPATH_SEARCH_PATHS = (
					"$(inherited)",
					"@executable_path/Frameworks",
				);
				PRODUCT_BUNDLE_IDENTIFIER = "com.jorgePerales.restaurant-app";
				PRODUCT_NAME = "$(TARGET_NAME)";
				SWIFT_VERSION = 5.0;
				TARGETED_DEVICE_FAMILY = "1,2";
			};
			name = Debug;
		};
		70B3E48D233FDA15006F5642 /* Release */ = {
			isa = XCBuildConfiguration;
			baseConfigurationReference = D5111E0F8A508B6E1689147C /* Pods-restaurant-app.release.xcconfig */;
			buildSettings = {
				ASSETCATALOG_COMPILER_APPICON_NAME = AppIcon;
				CODE_SIGN_STYLE = Automatic;
				INFOPLIST_FILE = "$(SRCROOT)/restaurant-app/Resources/Info.plist";
				LD_RUNPATH_SEARCH_PATHS = (
					"$(inherited)",
					"@executable_path/Frameworks",
				);
				PRODUCT_BUNDLE_IDENTIFIER = "com.jorgePerales.restaurant-app";
				PRODUCT_NAME = "$(TARGET_NAME)";
				SWIFT_VERSION = 5.0;
				TARGETED_DEVICE_FAMILY = "1,2";
			};
			name = Release;
		};
/* End XCBuildConfiguration section */

/* Begin XCConfigurationList section */
		70B3E474233FDA13006F5642 /* Build configuration list for PBXProject "restaurant-app" */ = {
			isa = XCConfigurationList;
			buildConfigurations = (
				70B3E489233FDA15006F5642 /* Debug */,
				70B3E48A233FDA15006F5642 /* Release */,
			);
			defaultConfigurationIsVisible = 0;
			defaultConfigurationName = Release;
		};
		70B3E48B233FDA15006F5642 /* Build configuration list for PBXNativeTarget "restaurant-app" */ = {
			isa = XCConfigurationList;
			buildConfigurations = (
				70B3E48C233FDA15006F5642 /* Debug */,
				70B3E48D233FDA15006F5642 /* Release */,
			);
			defaultConfigurationIsVisible = 0;
			defaultConfigurationName = Release;
		};
/* End XCConfigurationList section */
	};
	rootObject = 70B3E471233FDA13006F5642 /* Project object */;
}
